{
    "_meta": {
        "hash": {
            "sha256": "eb08791b01916dd30f510ed7a987987a8750633e40786a439015fc6080220cc6"
        },
        "pipfile-spec": 6,
        "requires": {
            "python_version": "3.7"
        },
        "sources": [
            {
                "name": "pypi",
                "url": "https://pypi.org/simple",
                "verify_ssl": true
            }
        ]
    },
    "default": {
        "bitsets": {
            "hashes": [
                "sha256:3424998a083b90e4c95ce159a639374fc13cec3f96cdea1d8452133c1a6765cd",
                "sha256:cbd54d347ee8f8e48d9074c6c87f9707185d7cb81922fa57c73939d5eb746de2"
            ],
            "version": "==0.7.14"
        },
        "concepts": {
            "hashes": [
                "sha256:2dcbf18d429c67adaa3e01642626f156995262f66d95af6cb19552f914d08ff1",
                "sha256:80b6655c5e71ad1e4542e4f42aea16f029ba96e2e1d6d42e668821e1cc820636"
            ],
            "version": "==0.7.14"
        },
        "features": {
            "hashes": [
                "sha256:1919fbaa080213316c8f8e1ed8d3c0fd365a5f625e6376a95330e5771324732b",
                "sha256:9b6d1a380de2be088de6be4759017f53da097aeb66abc766850904382a848ccb"
            ],
            "index": "pypi",
            "version": "==0.5.10"
        },
        "fileconfig": {
            "hashes": [
                "sha256:0e210ab751a94a2e26bf4a473a538a63722ed1863623df97b2a5f996a1231794",
                "sha256:8329c93d02b65d815761b51f4250098e0962df08097b3784e130418645bc7085"
            ],
            "version": "==0.5.8"
        },
        "futures": {
            "hashes": [
                "sha256:51ecb45f0add83c806c68e4b06106f90db260585b25ef2abfcda0bd95c0132fd",
                "sha256:c4884a65654a7c45435063e14ae85280eb1f111d94e542396717ba9828c4337f"
            ],
            "index": "pypi",
            "version": "==3.1.1"
        },
        "graphviz": {
            "hashes": [
                "sha256:0e1744a45b0d707bc44f99c7b8e5f25dc22cf96b6aaf2432ac308ed9822a9cb6",
                "sha256:d311be4fddfe832a56986ac5e1d6e8715d7fcb0208560da79d1bb0f72abef41f"
            ],
            "version": "==0.10.1"
        }
    },
    "develop": {
        "atomicwrites": {
            "hashes": [
                "sha256:03472c30eb2c5d1ba9227e4c2ca66ab8287fbfbbda3888aa93dc2e28fc6811b4",
                "sha256:75a9445bac02d8d058d5e1fe689654ba5a6556a1dfd8ce6ec55a0ed79866cfa6"
            ],
            "version": "==1.3.0"
        },
        "attrs": {
            "hashes": [
                "sha256:10cbf6e27dbce8c30807caf056c8eb50917e0eaafe86347671b57254006c3e69",
                "sha256:ca4be454458f9dec299268d472aaa5a11f67a4ff70093396e1ceae9c76cf4bbb"
            ],
            "version": "==18.2.0"
        },
        "certifi": {
            "hashes": [
                "sha256:47f9c83ef4c0c621eaef743f133f09fa8a74a9b75f037e8624f83bd1b6626cb7",
                "sha256:993f830721089fef441cdfeb4b2c8c9df86f0c63239f06bd025a76a7daddb033"
            ],
            "version": "==2018.11.29"
        },
        "chardet": {
            "hashes": [
                "sha256:84ab92ed1c4d4f16916e05906b6b75a6c0fb5db821cc65e70cbd64a3e2a5eaae",
                "sha256:fc323ffcaeaed0e0a02bf4d117757b98aed530d9ed4531e3e15460124c106691"
            ],
            "version": "==3.0.4"
        },
        "idna": {
            "hashes": [
                "sha256:c357b3f628cf53ae2c4c05627ecc484553142ca23264e593d327bcde5e9c3407",
                "sha256:ea8b7f6188e6fa117537c3df7da9fc686d485087abf6ac197f9c46432f7e4a3c"
            ],
            "version": "==2.8"
        },
        "more-itertools": {
            "hashes": [
                "sha256:0125e8f60e9e031347105eb1682cef932f5e97d7b9a1a28d9bf00c22a5daef40",
                "sha256:590044e3942351a1bdb1de960b739ff4ce277960f2425ad4509446dbace8d9d1"
            ],
            "markers": "python_version > '2.7'",
            "version": "==6.0.0"
        },
        "pluggy": {
            "hashes": [
                "sha256:19ecf9ce9db2fce065a7a0586e07cfb4ac8614fe96edf628a264b1c70116cf8f",
                "sha256:84d306a647cc805219916e62aab89caa97a33a1dd8c342e87a37f91073cd4746"
            ],
            "version": "==0.9.0"
        },
        "py": {
            "hashes": [
                "sha256:64f65755aee5b381cea27766a3a147c3f15b9b6b9ac88676de66ba2ae36793fa",
                "sha256:dc639b046a6e2cff5bbe40194ad65936d6ba360b52b3c3fe1d08a82dd50b5e53"
            ],
            "version": "==1.8.0"
        },
        "pytest": {
            "hashes": [
                "sha256:067a1d4bf827ffdd56ad21bd46674703fce77c5957f6c1eef731f6146bfcef1c",
                "sha256:9687049d53695ad45cf5fdc7bbd51f0c49f1ea3ecfc4b7f3fde7501b541f17f4"
            ],
            "index": "pypi",
            "version": "==4.3.0"
        },
        "requests": {
            "hashes": [
                "sha256:502a824f31acdacb3a35b6690b5fbf0bc41d63a24a45c4004352b0242707598e",
                "sha256:7bf2a778576d825600030a110f3c0e3e8edc51dfaafe1c146e39a2027784957b"
            ],
            "index": "pypi",
            "version": "==2.21.0"
        },
        "six": {
            "hashes": [
                "sha256:3350809f0555b11f552448330d0b52d5f24c91a322ea4a15ef22629740f3761c",
                "sha256:d16a0141ec1a18405cd4ce8b4613101da75da0e9a7aec5bdd4fa804d0e0eba73"
            ],
            "version": "==1.12.0"
        },
        "urllib3": {
            "hashes": [
                "sha256:61bf29cada3fc2fbefad4fdf059ea4bd1b4a86d2b6d15e1c7c0b582b9752fe39",
                "sha256:de9529817c93f27c8ccbfead6985011db27bd0ddfcdb2d86f3f663385c6a9c22"
            ],
            "version": "==1.24.1"
        }
    }
}
